# This file is autogenerated, do not edit; changes may be undone by the next 'dep ensure'.


[[projects]]
  digest = "1:ffe9824d294da03b391f44e1ae8281281b4afc1bdaa9588c9097785e3af10cec"
  name = "github.com/davecgh/go-spew"
  packages = ["spew"]
  pruneopts = "UT"
  revision = "8991bc29aa16c548c550c7ff78260e27b9ab7c73"
  version = "v1.1.1"

[[projects]]
  digest = "1:b33b93376c39fe1d08c439037423e99df1d9b4ce770cf0f8adcb740038a5d34d"
  name = "github.com/godbus/dbus"
  packages = [
    ".",
    "introspect",
    "prop",
  ]
  pruneopts = "UT"
  revision = "a389bdde4dd695d414e47b755e95e72b7826432c"
  version = "v4.1.0"

[[projects]]
  branch = "master"
  digest = "1:2164b8677836e88423e54095b3e5c7b235fce69fbce19b43c66e1bc40cb9fa03"
  name = "github.com/gotk3/gotk3"
  packages = [
    "cairo",
    "gdk",
    "glib",
    "gtk",
    "pango",
  ]
  pruneopts = "UT"
  revision = "020531a77b59a5b3207bb81f482216cf459c49a5"

[[projects]]
  branch = "master"
  digest = "1:ee3d977b1ae8ac026b109fa51b8ef7527f597ec4becd4e5e7c808ef2a3a4f176"
  name = "github.com/sqp/pulseaudio"
  packages = ["."]
  pruneopts = "UT"
  revision = "29ac6bfa231cb9de7f576c671c095fd8161d52e5"

[solve-meta]
  analyzer-name = "dep"
  analyzer-version = 1
  input-imports = [
    "github.com/davecgh/go-spew/spew",
    "github.com/godbus/dbus",
    "github.com/godbus/dbus/introspect",
    "github.com/godbus/dbus/prop",
    "github.com/gotk3/gotk3/gdk",
    "github.com/gotk3/gotk3/glib",
    "github.com/gotk3/gotk3/gtk",
    "github.com/sqp/pulseaudio",
  ]
  solver-name = "gps-cdcl"
  solver-version = 1
